
Microsoft Visual Studio Solution File, Format Version 12.00
# Visual Studio Version 16
VisualStudioVersion = 16.0.31624.102
MinimumVisualStudioVersion = 10.0.40219.1
Project("{9A19103F-16F7-4668-BE54-9A1E7A4F7556}") = "NewsHeadlines", "NewsHeadlines.csproj", "{4DBE479C-28C8-4FC4-8086-AC8D0EDE8804}"
EndProject
Global
	GlobalSection(SolutionConfigurationPlatforms) = preSolution
		Debug|Any CPU = Debug|Any CPU
		Release|Any CPU = Release|Any CPU
	EndGlobalSection
	GlobalSection(ProjectConfigurationPlatforms) = postSolution
		{4DBE479C-28C8-4FC4-8086-AC8D0EDE8804}.Debug|Any CPU.ActiveCfg = Debug|Any CPU
		{4DBE479C-28C8-4FC4-8086-AC8D0EDE8804}.Debug|Any CPU.Build.0 = Debug|Any CPU
		{4DBE479C-28C8-4FC4-8086-AC8D0EDE8804}.Release|Any CPU.ActiveCfg = Release|Any CPU
		{4DBE479C-28C8-4FC4-8086-AC8D0EDE8804}.Release|Any CPU.Build.0 = Release|Any CPU
	EndGlobalSection
	GlobalSection(SolutionProperties) = preSolution
		HideSolutionNode = FALSE
	EndGlobalSection
	GlobalSection(ExtensibilityGlobals) = postSolution
		SolutionGuid = {6E48D64D-5ABC-444A-89AB-90059753B796}
	EndGlobalSection
EndGlobal
